
Microsoft Visual Studio Solution File, Format Version 12.00
# Visual Studio Version 17
VisualStudioVersion = 17.1.32210.238
MinimumVisualStudioVersion = 10.0.40219.1
Project("{FAE04EC0-301F-11D3-BF4B-00C04F79EFBC}") = "CalculatorWPF", "CalculatorWPF\CalculatorWPF.csproj", "{E65BB3F0-E4C3-4394-911A-CB669EE71289}"
EndProject
Global
	GlobalSection(SolutionConfigurationPlatforms) = preSolution
		Debug|Any CPU = Debug|Any CPU
		Release|Any CPU = Release|Any CPU
	EndGlobalSection
	GlobalSection(ProjectConfigurationPlatforms) = postSolution
		{E65BB3F0-E4C3-4394-911A-CB669EE71289}.Debug|Any CPU.ActiveCfg = Debug|Any CPU
		{E65BB3F0-E4C3-4394-911A-CB669EE71289}.Debug|Any CPU.Build.0 = Debug|Any CPU
		{E65BB3F0-E4C3-4394-911A-CB669EE71289}.Release|Any CPU.ActiveCfg = Release|Any CPU
		{E65BB3F0-E4C3-4394-911A-CB669EE71289}.Release|Any CPU.Build.0 = Release|Any CPU
	EndGlobalSection
	GlobalSection(SolutionProperties) = preSolution
		HideSolutionNode = FALSE
	EndGlobalSection
	GlobalSection(ExtensibilityGlobals) = postSolution
		SolutionGuid = {4EB8456A-60DA-4E27-B941-D50D147DA323}
	EndGlobalSection
EndGlobal
